
Microsoft Visual Studio Solution File, Format Version 11.00
# Visual Studio 2010
Project("{8BC9CEB8-8B4A-11D0-8D11-00A0C91BC942}") = "Test1", "Test1\Test1.vcxproj", "{619D157B-1CB5-4514-A41A-EF34B4F59B32}"
EndProject
Global
	GlobalSection(SolutionConfigurationPlatforms) = preSolution
		Debug|Win32 = Debug|Win32
		Release|Win32 = Release|Win32
	EndGlobalSection
	GlobalSection(ProjectConfigurationPlatforms) = postSolution
		{619D157B-1CB5-4514-A41A-EF34B4F59B32}.Debug|Win32.ActiveCfg = Debug|Win32
		{619D157B-1CB5-4514-A41A-EF34B4F59B32}.Debug|Win32.Build.0 = Debug|Win32
		{619D157B-1CB5-4514-A41A-EF34B4F59B32}.Release|Win32.ActiveCfg = Release|Win32
		{619D157B-1CB5-4514-A41A-EF34B4F59B32}.Release|Win32.Build.0 = Release|Win32
	EndGlobalSection
	GlobalSection(SolutionProperties) = preSolution
		HideSolutionNode = FALSE
	EndGlobalSection
EndGlobal
